// !$*UTF8*$!
{
	archiveVersion = 1;
	classes = {
	};
	objectVersion = 77;
	objects = {

/* Begin PBXBuildFile section */
		CDC64D202D641D7300187584 /* GoogleSignIn in Frameworks */ = {isa = PBXBuildFile; productRef = CDC64D1F2D641D7300187584 /* GoogleSignIn */; };
		CDC64D222D641D7300187584 /* GoogleSignInSwift in Frameworks */ = {isa = PBXBuildFile; productRef = CDC64D212D641D7300187584 /* GoogleSignInSwift */; };
/* End PBXBuildFile section */

/* Begin PBXContainerItemProxy section */
		CDA3CE722D5299960038ABC2 /* PBXContainerItemProxy */ = {
			isa = PBXContainerItemProxy;
			containerPortal = CDA3CE592D5299930038ABC2 /* Project object */;
			proxyType = 1;
			remoteGlobalIDString = CDA3CE602D5299930038ABC2;
			remoteInfo = PlotLine;
		};
		CDA3CE7C2D5299960038ABC2 /* PBXContainerItemProxy */ = {
			isa = PBXContainerItemProxy;
			containerPortal = CDA3CE592D5299930038ABC2 /* Project object */;
			proxyType = 1;
			remoteGlobalIDString = CDA3CE602D5299930038ABC2;
			remoteInfo = PlotLine;
		};
/* End PBXContainerItemProxy section */

/* Begin PBXCopyFilesBuildPhase section */
		CDFF674E2D5E38B1009F7BC3 /* Embed Frameworks */ = {
			isa = PBXCopyFilesBuildPhase;
			buildActionMask = 2147483647;
			dstPath = "";
			dstSubfolderSpec = 10;
			files = (
			);
			name = "Embed Frameworks";
			runOnlyForDeploymentPostprocessing = 0;
		};
/* End PBXCopyFilesBuildPhase section */

/* Begin PBXFileReference section */
		CDA3CE612D5299930038ABC2 /* PlotLine.app */ = {isa = PBXFileReference; explicitFileType = wrapper.application; includeInIndex = 0; path = PlotLine.app; sourceTree = BUILT_PRODUCTS_DIR; };
		CDA3CE712D5299960038ABC2 /* PlotLineTests.xctest */ = {isa = PBXFileReference; explicitFileType = wrapper.cfbundle; includeInIndex = 0; path = PlotLineTests.xctest; sourceTree = BUILT_PRODUCTS_DIR; };
		CDA3CE7B2D5299960038ABC2 /* PlotLineUITests.xctest */ = {isa = PBXFileReference; explicitFileType = wrapper.cfbundle; includeInIndex = 0; path = PlotLineUITests.xctest; sourceTree = BUILT_PRODUCTS_DIR; };
/* End PBXFileReference section */

/* Begin PBXFileSystemSynchronizedBuildFileExceptionSet section */
		CD942FF32D6422C300211F05 /* Exceptions for "PlotLine" folder in "PlotLine" target */ = {
			isa = PBXFileSystemSynchronizedBuildFileExceptionSet;
			membershipExceptions = (
				Info.plist,
			);
			target = CDA3CE602D5299930038ABC2 /* PlotLine */;
		};
/* End PBXFileSystemSynchronizedBuildFileExceptionSet section */

/* Begin PBXFileSystemSynchronizedRootGroup section */
		CDA3CE632D5299930038ABC2 /* PlotLine */ = {
			isa = PBXFileSystemSynchronizedRootGroup;
			exceptions = (
				CD942FF32D6422C300211F05 /* Exceptions for "PlotLine" folder in "PlotLine" target */,
			);
			path = PlotLine;
			sourceTree = "<group>";
		};
		CDA3CE742D5299960038ABC2 /* PlotLineTests */ = {
			isa = PBXFileSystemSynchronizedRootGroup;
			path = PlotLineTests;
			sourceTree = "<group>";
		};
		CDA3CE7E2D5299960038ABC2 /* PlotLineUITests */ = {
			isa = PBXFileSystemSynchronizedRootGroup;
			path = PlotLineUITests;
			sourceTree = "<group>";
		};
/* End PBXFileSystemSynchronizedRootGroup section */

/* Begin PBXFrameworksBuildPhase section */
		CDA3CE5E2D5299930038ABC2 /* Frameworks */ = {
			isa = PBXFrameworksBuildPhase;
			buildActionMask = 2147483647;
			files = (
				CDC64D202D641D7300187584 /* GoogleSignIn in Frameworks */,
				CDC64D222D641D7300187584 /* GoogleSignInSwift in Frameworks */,
			);
			runOnlyForDeploymentPostprocessing = 0;
		};
		CDA3CE6E2D5299960038ABC2 /* Frameworks */ = {
			isa = PBXFrameworksBuildPhase;
			buildActionMask = 2147483647;
			files = (
			);
			runOnlyForDeploymentPostprocessing = 0;
		};
		CDA3CE782D5299960038ABC2 /* Frameworks */ = {
			isa = PBXFrameworksBuildPhase;
			buildActionMask = 2147483647;
			files = (
			);
			runOnlyForDeploymentPostprocessing = 0;
		};
/* End PBXFrameworksBuildPhase section */

/* Begin PBXGroup section */
		CDA3CE582D5299930038ABC2 = {
			isa = PBXGroup;
			children = (
				CDA3CE632D5299930038ABC2 /* PlotLine */,
				CDA3CE742D5299960038ABC2 /* PlotLineTests */,
				CDA3CE7E2D5299960038ABC2 /* PlotLineUITests */,
				CDA3CE622D5299930038ABC2 /* Products */,
			);
			sourceTree = "<group>";
		};
		CDA3CE622D5299930038ABC2 /* Products */ = {
			isa = PBXGroup;
			children = (
				CDA3CE612D5299930038ABC2 /* PlotLine.app */,
				CDA3CE712D5299960038ABC2 /* PlotLineTests.xctest */,
				CDA3CE7B2D5299960038ABC2 /* PlotLineUITests.xctest */,
			);
			name = Products;
			sourceTree = "<group>";
		};
/* End PBXGroup section */

/* Begin PBXNativeTarget section */
		CDA3CE602D5299930038ABC2 /* PlotLine */ = {
			isa = PBXNativeTarget;
			buildConfigurationList = CDA3CE852D5299960038ABC2 /* Build configuration list for PBXNativeTarget "PlotLine" */;
			buildPhases = (
				CDA3CE5D2D5299930038ABC2 /* Sources */,
				CDA3CE5E2D5299930038ABC2 /* Frameworks */,
				CDA3CE5F2D5299930038ABC2 /* Resources */,
				CDFF674E2D5E38B1009F7BC3 /* Embed Frameworks */,
			);
			buildRules = (
			);
			dependencies = (
			);
			fileSystemSynchronizedGroups = (
				CDA3CE632D5299930038ABC2 /* PlotLine */,
			);
			name = PlotLine;
			packageProductDependencies = (
				CDC64D1F2D641D7300187584 /* GoogleSignIn */,
				CDC64D212D641D7300187584 /* GoogleSignInSwift */,
			);
			productName = PlotLine;
			productReference = CDA3CE612D5299930038ABC2 /* PlotLine.app */;
			productType = "com.apple.product-type.application";
		};
		CDA3CE702D5299960038ABC2 /* PlotLineTests */ = {
			isa = PBXNativeTarget;
			buildConfigurationList = CDA3CE882D5299960038ABC2 /* Build configuration list for PBXNativeTarget "PlotLineTests" */;
			buildPhases = (
				CDA3CE6D2D5299960038ABC2 /* Sources */,
				CDA3CE6E2D5299960038ABC2 /* Frameworks */,
				CDA3CE6F2D5299960038ABC2 /* Resources */,
			);
			buildRules = (
			);
			dependencies = (
				CDA3CE732D5299960038ABC2 /* PBXTargetDependency */,
			);
			fileSystemSynchronizedGroups = (
				CDA3CE742D5299960038ABC2 /* PlotLineTests */,
			);
			name = PlotLineTests;
			packageProductDependencies = (
			);
			productName = PlotLineTests;
			productReference = CDA3CE712D5299960038ABC2 /* PlotLineTests.xctest */;
			productType = "com.apple.product-type.bundle.unit-test";
		};
		CDA3CE7A2D5299960038ABC2 /* PlotLineUITests */ = {
			isa = PBXNativeTarget;
			buildConfigurationList = CDA3CE8B2D5299960038ABC2 /* Build configuration list for PBXNativeTarget "PlotLineUITests" */;
			buildPhases = (
				CDA3CE772D5299960038ABC2 /* Sources */,
				CDA3CE782D5299960038ABC2 /* Frameworks */,
				CDA3CE792D5299960038ABC2 /* Resources */,
			);
			buildRules = (
			);
			dependencies = (
				CDA3CE7D2D5299960038ABC2 /* PBXTargetDependency */,
			);
			fileSystemSynchronizedGroups = (
				CDA3CE7E2D5299960038ABC2 /* PlotLineUITests */,
			);
			name = PlotLineUITests;
			packageProductDependencies = (
			);
			productName = PlotLineUITests;
			productReference = CDA3CE7B2D5299960038ABC2 /* PlotLineUITests.xctest */;
			productType = "com.apple.product-type.bundle.ui-testing";
		};
/* End PBXNativeTarget section */

/* Begin PBXProject section */
		CDA3CE592D5299930038ABC2 /* Project object */ = {
			isa = PBXProject;
			attributes = {
				BuildIndependentTargetsInParallel = 1;
				LastSwiftUpdateCheck = 1620;
				LastUpgradeCheck = 1620;
				TargetAttributes = {
					CDA3CE602D5299930038ABC2 = {
						CreatedOnToolsVersion = 16.2;
					};
					CDA3CE702D5299960038ABC2 = {
						CreatedOnToolsVersion = 16.2;
						TestTargetID = CDA3CE602D5299930038ABC2;
					};
					CDA3CE7A2D5299960038ABC2 = {
						CreatedOnToolsVersion = 16.2;
						TestTargetID = CDA3CE602D5299930038ABC2;
					};
				};
			};
			buildConfigurationList = CDA3CE5C2D5299930038ABC2 /* Build configuration list for PBXProject "PlotLine" */;
			developmentRegion = en;
			hasScannedForEncodings = 0;
			knownRegions = (
				en,
				Base,
			);
			mainGroup = CDA3CE582D5299930038ABC2;
			minimizedProjectReferenceProxies = 1;
			packageReferences = (
				CDC64D1E2D641D7300187584 /* XCRemoteSwiftPackageReference "GoogleSignIn-iOS" */,
			);
			preferredProjectObjectVersion = 77;
			productRefGroup = CDA3CE622D5299930038ABC2 /* Products */;
			projectDirPath = "";
			projectRoot = "";
			targets = (
				CDA3CE602D5299930038ABC2 /* PlotLine */,
				CDA3CE702D5299960038ABC2 /* PlotLineTests */,
				CDA3CE7A2D5299960038ABC2 /* PlotLineUITests */,
			);
		};
/* End PBXProject section */

/* Begin PBXResourcesBuildPhase section */
		CDA3CE5F2D5299930038ABC2 /* Resources */ = {
			isa = PBXResourcesBuildPhase;
			buildActionMask = 2147483647;
			files = (
			);
			runOnlyForDeploymentPostprocessing = 0;
		};
		CDA3CE6F2D5299960038ABC2 /* Resources */ = {
			isa = PBXResourcesBuildPhase;
			buildActionMask = 2147483647;
			files = (
			);
			runOnlyForDeploymentPostprocessing = 0;
		};
		CDA3CE792D5299960038ABC2 /* Resources */ = {
			isa = PBXResourcesBuildPhase;
			buildActionMask = 2147483647;
			files = (
			);
			runOnlyForDeploymentPostprocessing = 0;
		};
/* End PBXResourcesBuildPhase section */

/* Begin PBXSourcesBuildPhase section */
		CDA3CE5D2D5299930038ABC2 /* Sources */ = {
			isa = PBXSourcesBuildPhase;
			buildActionMask = 2147483647;
			files = (
			);
			runOnlyForDeploymentPostprocessing = 0;
		};
		CDA3CE6D2D5299960038ABC2 /* Sources */ = {
			isa = PBXSourcesBuildPhase;
			buildActionMask = 2147483647;
			files = (
			);
			runOnlyForDeploymentPostprocessing = 0;
		};
		CDA3CE772D5299960038ABC2 /* Sources */ = {
			isa = PBXSourcesBuildPhase;
			buildActionMask = 2147483647;
			files = (
			);
			runOnlyForDeploymentPostprocessing = 0;
		};
/* End PBXSourcesBuildPhase section */

/* Begin PBXTargetDependency section */
		CDA3CE732D5299960038ABC2 /* PBXTargetDependency */ = {
			isa = PBXTargetDependency;
			target = CDA3CE602D5299930038ABC2 /* PlotLine */;
			targetProxy = CDA3CE722D5299960038ABC2 /* PBXContainerItemProxy */;
		};
		CDA3CE7D2D5299960038ABC2 /* PBXTargetDependency */ = {
			isa = PBXTargetDependency;
			target = CDA3CE602D5299930038ABC2 /* PlotLine */;
			targetProxy = CDA3CE7C2D5299960038ABC2 /* PBXContainerItemProxy */;
		};
/* End PBXTargetDependency section */

/* Begin XCBuildConfiguration section */
		CDA3CE832D5299960038ABC2 /* Debug */ = {
			isa = XCBuildConfiguration;
			buildSettings = {
				ALWAYS_SEARCH_USER_PATHS = NO;
				ASSETCATALOG_COMPILER_GENERATE_SWIFT_ASSET_SYMBOL_EXTENSIONS = YES;
				CLANG_ANALYZER_NONNULL = YES;
				CLANG_ANALYZER_NUMBER_OBJECT_CONVERSION = YES_AGGRESSIVE;
				CLANG_CXX_LANGUAGE_STANDARD = "gnu++20";
				CLANG_ENABLE_MODULES = YES;
				CLANG_ENABLE_OBJC_ARC = YES;
				CLANG_ENABLE_OBJC_WEAK = YES;
				CLANG_WARN_BLOCK_CAPTURE_AUTORELEASING = YES;
				CLANG_WARN_BOOL_CONVERSION = YES;
				CLANG_WARN_COMMA = YES;
				CLANG_WARN_CONSTANT_CONVERSION = YES;
				CLANG_WARN_DEPRECATED_OBJC_IMPLEMENTATIONS = YES;
				CLANG_WARN_DIRECT_OBJC_ISA_USAGE = YES_ERROR;
				CLANG_WARN_DOCUMENTATION_COMMENTS = YES;
				CLANG_WARN_EMPTY_BODY = YES;
				CLANG_WARN_ENUM_CONVERSION = YES;
				CLANG_WARN_INFINITE_RECURSION = YES;
				CLANG_WARN_INT_CONVERSION = YES;
				CLANG_WARN_NON_LITERAL_NULL_CONVERSION = YES;
				CLANG_WARN_OBJC_IMPLICIT_RETAIN_SELF = YES;
				CLANG_WARN_OBJC_LITERAL_CONVERSION = YES;
				CLANG_WARN_OBJC_ROOT_CLASS = YES_ERROR;
				CLANG_WARN_QUOTED_INCLUDE_IN_FRAMEWORK_HEADER = YES;
				CLANG_WARN_RANGE_LOOP_ANALYSIS = YES;
				CLANG_WARN_STRICT_PROTOTYPES = YES;
				CLANG_WARN_SUSPICIOUS_MOVE = YES;
				CLANG_WARN_UNGUARDED_AVAILABILITY = YES_AGGRESSIVE;
				CLANG_WARN_UNREACHABLE_CODE = YES;
				CLANG_WARN__DUPLICATE_METHOD_MATCH = YES;
				COPY_PHASE_STRIP = NO;
				DEBUG_INFORMATION_FORMAT = dwarf;
				ENABLE_STRICT_OBJC_MSGSEND = YES;
				ENABLE_TESTABILITY = YES;
				ENABLE_USER_SCRIPT_SANDBOXING = YES;
				GCC_C_LANGUAGE_STANDARD = gnu17;
				GCC_DYNAMIC_NO_PIC = NO;
				GCC_NO_COMMON_BLOCKS = YES;
				GCC_OPTIMIZATION_LEVEL = 0;
				GCC_PREPROCESSOR_DEFINITIONS = (
					"DEBUG=1",
					"$(inherited)",
				);
				GCC_WARN_64_TO_32_BIT_CONVERSION = YES;
				GCC_WARN_ABOUT_RETURN_TYPE = YES_ERROR;
				GCC_WARN_UNDECLARED_SELECTOR = YES;
				GCC_WARN_UNINITIALIZED_AUTOS = YES_AGGRESSIVE;
				GCC_WARN_UNUSED_FUNCTION = YES;
				GCC_WARN_UNUSED_VARIABLE = YES;
				IPHONEOS_DEPLOYMENT_TARGET = 18.2;
				LOCALIZATION_PREFERS_STRING_CATALOGS = YES;
				MTL_ENABLE_DEBUG_INFO = INCLUDE_SOURCE;
				MTL_FAST_MATH = YES;
				ONLY_ACTIVE_ARCH = YES;
				SDKROOT = iphoneos;
				SWIFT_ACTIVE_COMPILATION_CONDITIONS = "DEBUG $(inherited)";
				SWIFT_OPTIMIZATION_LEVEL = "-Onone";
			};
			name = Debug;
		};
		CDA3CE842D5299960038ABC2 /* Release */ = {
			isa = XCBuildConfiguration;
			buildSettings = {
				ALWAYS_SEARCH_USER_PATHS = NO;
				ASSETCATALOG_COMPILER_GENERATE_SWIFT_ASSET_SYMBOL_EXTENSIONS = YES;
				CLANG_ANALYZER_NONNULL = YES;
				CLANG_ANALYZER_NUMBER_OBJECT_CONVERSION = YES_AGGRESSIVE;
				CLANG_CXX_LANGUAGE_STANDARD = "gnu++20";
				CLANG_ENABLE_MODULES = YES;
				CLANG_ENABLE_OBJC_ARC = YES;
				CLANG_ENABLE_OBJC_WEAK = YES;
				CLANG_WARN_BLOCK_CAPTURE_AUTORELEASING = YES;
				CLANG_WARN_BOOL_CONVERSION = YES;
				CLANG_WARN_COMMA = YES;
				CLANG_WARN_CONSTANT_CONVERSION = YES;
				CLANG_WARN_DEPRECATED_OBJC_IMPLEMENTATIONS = YES;
				CLANG_WARN_DIRECT_OBJC_ISA_USAGE = YES_ERROR;
				CLANG_WARN_DOCUMENTATION_COMMENTS = YES;
				CLANG_WARN_EMPTY_BODY = YES;
				CLANG_WARN_ENUM_CONVERSION = YES;
				CLANG_WARN_INFINITE_RECURSION = YES;
				CLANG_WARN_INT_CONVERSION = YES;
				CLANG_WARN_NON_LITERAL_NULL_CONVERSION = YES;
				CLANG_WARN_OBJC_IMPLICIT_RETAIN_SELF = YES;
				CLANG_WARN_OBJC_LITERAL_CONVERSION = YES;
				CLANG_WARN_OBJC_ROOT_CLASS = YES_ERROR;
				CLANG_WARN_QUOTED_INCLUDE_IN_FRAMEWORK_HEADER = YES;
				CLANG_WARN_RANGE_LOOP_ANALYSIS = YES;
				CLANG_WARN_STRICT_PROTOTYPES = YES;
				CLANG_WARN_SUSPICIOUS_MOVE = YES;
				CLANG_WARN_UNGUARDED_AVAILABILITY = YES_AGGRESSIVE;
				CLANG_WARN_UNREACHABLE_CODE = YES;
				CLANG_WARN__DUPLICATE_METHOD_MATCH = YES;
				COPY_PHASE_STRIP = NO;
				DEBUG_INFORMATION_FORMAT = "dwarf-with-dsym";
				ENABLE_NS_ASSERTIONS = NO;
				ENABLE_STRICT_OBJC_MSGSEND = YES;
				ENABLE_USER_SCRIPT_SANDBOXING = YES;
				GCC_C_LANGUAGE_STANDARD = gnu17;
				GCC_NO_COMMON_BLOCKS = YES;
				GCC_WARN_64_TO_32_BIT_CONVERSION = YES;
				GCC_WARN_ABOUT_RETURN_TYPE = YES_ERROR;
				GCC_WARN_UNDECLARED_SELECTOR = YES;
				GCC_WARN_UNINITIALIZED_AUTOS = YES_AGGRESSIVE;
				GCC_WARN_UNUSED_FUNCTION = YES;
				GCC_WARN_UNUSED_VARIABLE = YES;
				IPHONEOS_DEPLOYMENT_TARGET = 18.2;
				LOCALIZATION_PREFERS_STRING_CATALOGS = YES;
				MTL_ENABLE_DEBUG_INFO = NO;
				MTL_FAST_MATH = YES;
				SDKROOT = iphoneos;
				SWIFT_COMPILATION_MODE = wholemodule;
				VALIDATE_PRODUCT = YES;
			};
			name = Release;
		};
		CDA3CE862D5299960038ABC2 /* Debug */ = {
			isa = XCBuildConfiguration;
			buildSettings = {
				ASSETCATALOG_COMPILER_APPICON_NAME = AppIcon;
				ASSETCATALOG_COMPILER_GLOBAL_ACCENT_COLOR_NAME = AccentColor;
				CODE_SIGN_STYLE = Automatic;
				CURRENT_PROJECT_VERSION = 1;
				DEVELOPMENT_ASSET_PATHS = "\"PlotLine/Preview Content\"";
				ENABLE_PREVIEWS = YES;
				GENERATE_INFOPLIST_FILE = YES;
				INFOPLIST_FILE = PlotLine/Info.plist;
				INFOPLIST_KEY_UIApplicationSceneManifest_Generation = YES;
				INFOPLIST_KEY_UIApplicationSupportsIndirectInputEvents = YES;
				INFOPLIST_KEY_UILaunchScreen_Generation = YES;
				INFOPLIST_KEY_UISupportedInterfaceOrientations_iPad = "UIInterfaceOrientationPortrait UIInterfaceOrientationPortraitUpsideDown UIInterfaceOrientationLandscapeLeft UIInterfaceOrientationLandscapeRight";
				INFOPLIST_KEY_UISupportedInterfaceOrientations_iPhone = "UIInterfaceOrientationPortrait UIInterfaceOrientationLandscapeLeft UIInterfaceOrientationLandscapeRight";
				LD_RUNPATH_SEARCH_PATHS = (
					"$(inherited)",
					"@executable_path/Frameworks",
				);
				MARKETING_VERSION = 1.0;
				PRODUCT_BUNDLE_IDENTIFIER = com.PlotLine;
				PRODUCT_NAME = "$(TARGET_NAME)";
				SWIFT_EMIT_LOC_STRINGS = YES;
				SWIFT_VERSION = 5.0;
				TARGETED_DEVICE_FAMILY = "1,2";
			};
			name = Debug;
		};
		CDA3CE872D5299960038ABC2 /* Release */ = {
			isa = XCBuildConfiguration;
			buildSettings = {
				ASSETCATALOG_COMPILER_APPICON_NAME = AppIcon;
				ASSETCATALOG_COMPILER_GLOBAL_ACCENT_COLOR_NAME = AccentColor;
				CODE_SIGN_STYLE = Automatic;
				CURRENT_PROJECT_VERSION = 1;
				DEVELOPMENT_ASSET_PATHS = "\"PlotLine/Preview Content\"";
				ENABLE_PREVIEWS = YES;
				GENERATE_INFOPLIST_FILE = YES;
				INFOPLIST_FILE = PlotLine/Info.plist;
				INFOPLIST_KEY_UIApplicationSceneManifest_Generation = YES;
				INFOPLIST_KEY_UIApplicationSupportsIndirectInputEvents = YES;
				INFOPLIST_KEY_UILaunchScreen_Generation = YES;
				INFOPLIST_KEY_UISupportedInterfaceOrientations_iPad = "UIInterfaceOrientationPortrait UIInterfaceOrientationPortraitUpsideDown UIInterfaceOrientationLandscapeLeft UIInterfaceOrientationLandscapeRight";
				INFOPLIST_KEY_UISupportedInterfaceOrientations_iPhone = "UIInterfaceOrientationPortrait UIInterfaceOrientationLandscapeLeft UIInterfaceOrientationLandscapeRight";
				LD_RUNPATH_SEARCH_PATHS = (
					"$(inherited)",
					"@executable_path/Frameworks",
				);
				MARKETING_VERSION = 1.0;
				PRODUCT_BUNDLE_IDENTIFIER = com.PlotLine;
				PRODUCT_NAME = "$(TARGET_NAME)";
				SWIFT_EMIT_LOC_STRINGS = YES;
				SWIFT_VERSION = 5.0;
				TARGETED_DEVICE_FAMILY = "1,2";
			};
			name = Release;
		};
		CDA3CE892D5299960038ABC2 /* Debug */ = {
			isa = XCBuildConfiguration;
			buildSettings = {
				BUNDLE_LOADER = "$(TEST_HOST)";
				CODE_SIGN_STYLE = Automatic;
				CURRENT_PROJECT_VERSION = 1;
				GENERATE_INFOPLIST_FILE = YES;
				IPHONEOS_DEPLOYMENT_TARGET = 18.2;
				MARKETING_VERSION = 1.0;
				PRODUCT_BUNDLE_IDENTIFIER = com.PlotLineTests;
				PRODUCT_NAME = "$(TARGET_NAME)";
				SWIFT_EMIT_LOC_STRINGS = NO;
				SWIFT_VERSION = 5.0;
				TARGETED_DEVICE_FAMILY = "1,2";
				TEST_HOST = "$(BUILT_PRODUCTS_DIR)/PlotLine.app/$(BUNDLE_EXECUTABLE_FOLDER_PATH)/PlotLine";
			};
			name = Debug;
		};
		CDA3CE8A2D5299960038ABC2 /* Release */ = {
			isa = XCBuildConfiguration;
			buildSettings = {
				BUNDLE_LOADER = "$(TEST_HOST)";
				CODE_SIGN_STYLE = Automatic;
				CURRENT_PROJECT_VERSION = 1;
				GENERATE_INFOPLIST_FILE = YES;
				IPHONEOS_DEPLOYMENT_TARGET = 18.2;
				MARKETING_VERSION = 1.0;
				PRODUCT_BUNDLE_IDENTIFIER = com.PlotLineTests;
				PRODUCT_NAME = "$(TARGET_NAME)";
				SWIFT_EMIT_LOC_STRINGS = NO;
				SWIFT_VERSION = 5.0;
				TARGETED_DEVICE_FAMILY = "1,2";
				TEST_HOST = "$(BUILT_PRODUCTS_DIR)/PlotLine.app/$(BUNDLE_EXECUTABLE_FOLDER_PATH)/PlotLine";
			};
			name = Release;
		};
		CDA3CE8C2D5299960038ABC2 /* Debug */ = {
			isa = XCBuildConfiguration;
			buildSettings = {
				CODE_SIGN_STYLE = Automatic;
				CURRENT_PROJECT_VERSION = 1;
				GENERATE_INFOPLIST_FILE = YES;
				MARKETING_VERSION = 1.0;
				PRODUCT_BUNDLE_IDENTIFIER = com.PlotLineUITests;
				PRODUCT_NAME = "$(TARGET_NAME)";
				SWIFT_EMIT_LOC_STRINGS = NO;
				SWIFT_VERSION = 5.0;
				TARGETED_DEVICE_FAMILY = "1,2";
				TEST_TARGET_NAME = PlotLine;
			};
			name = Debug;
		};
		CDA3CE8D2D5299960038ABC2 /* Release */ = {
			isa = XCBuildConfiguration;
			buildSettings = {
				CODE_SIGN_STYLE = Automatic;
				CURRENT_PROJECT_VERSION = 1;
				GENERATE_INFOPLIST_FILE = YES;
				MARKETING_VERSION = 1.0;
				PRODUCT_BUNDLE_IDENTIFIER = com.PlotLineUITests;
				PRODUCT_NAME = "$(TARGET_NAME)";
				SWIFT_EMIT_LOC_STRINGS = NO;
				SWIFT_VERSION = 5.0;
				TARGETED_DEVICE_FAMILY = "1,2";
				TEST_TARGET_NAME = PlotLine;
			};
			name = Release;
		};
/* End XCBuildConfiguration section */

/* Begin XCConfigurationList section */
		CDA3CE5C2D5299930038ABC2 /* Build configuration list for PBXProject "PlotLine" */ = {
			isa = XCConfigurationList;
			buildConfigurations = (
				CDA3CE832D5299960038ABC2 /* Debug */,
				CDA3CE842D5299960038ABC2 /* Release */,
			);
			defaultConfigurationIsVisible = 0;
			defaultConfigurationName = Release;
		};
		CDA3CE852D5299960038ABC2 /* Build configuration list for PBXNativeTarget "PlotLine" */ = {
			isa = XCConfigurationList;
			buildConfigurations = (
				CDA3CE862D5299960038ABC2 /* Debug */,
				CDA3CE872D5299960038ABC2 /* Release */,
			);
			defaultConfigurationIsVisible = 0;
			defaultConfigurationName = Release;
		};
		CDA3CE882D5299960038ABC2 /* Build configuration list for PBXNativeTarget "PlotLineTests" */ = {
			isa = XCConfigurationList;
			buildConfigurations = (
				CDA3CE892D5299960038ABC2 /* Debug */,
				CDA3CE8A2D5299960038ABC2 /* Release */,
			);
			defaultConfigurationIsVisible = 0;
			defaultConfigurationName = Release;
		};
		CDA3CE8B2D5299960038ABC2 /* Build configuration list for PBXNativeTarget "PlotLineUITests" */ = {
			isa = XCConfigurationList;
			buildConfigurations = (
				CDA3CE8C2D5299960038ABC2 /* Debug */,
				CDA3CE8D2D5299960038ABC2 /* Release */,
			);
			defaultConfigurationIsVisible = 0;
			defaultConfigurationName = Release;
		};
/* End XCConfigurationList section */

/* Begin XCRemoteSwiftPackageReference section */
		CDC64D1E2D641D7300187584 /* XCRemoteSwiftPackageReference "GoogleSignIn-iOS" */ = {
			isa = XCRemoteSwiftPackageReference;
			repositoryURL = "https://github.com/google/GoogleSignIn-iOS.git";
			requirement = {
				kind = upToNextMajorVersion;
				minimumVersion = 8.0.0;
			};
		};
/* End XCRemoteSwiftPackageReference section */

/* Begin XCSwiftPackageProductDependency section */
		CDC64D1F2D641D7300187584 /* GoogleSignIn */ = {
			isa = XCSwiftPackageProductDependency;
			package = CDC64D1E2D641D7300187584 /* XCRemoteSwiftPackageReference "GoogleSignIn-iOS" */;
			productName = GoogleSignIn;
		};
		CDC64D212D641D7300187584 /* GoogleSignInSwift */ = {
			isa = XCSwiftPackageProductDependency;
			package = CDC64D1E2D641D7300187584 /* XCRemoteSwiftPackageReference "GoogleSignIn-iOS" */;
			productName = GoogleSignInSwift;
		};
/* End XCSwiftPackageProductDependency section */
	};
	rootObject = CDA3CE592D5299930038ABC2 /* Project object */;
}
